
Microsoft Visual Studio Solution File, Format Version 12.00
# Visual Studio Version 17
VisualStudioVersion = 17.11.35327.3
MinimumVisualStudioVersion = 10.0.40219.1
Project("{FAE04EC0-301F-11D3-BF4B-00C04F79EFBC}") = "YouTubeDownloader", "YouTubeDownloader\YouTubeDownloader.csproj", "{35DD787C-ACF4-4D39-89FD-FD12B0185C63}"
EndProject
Global
	GlobalSection(SolutionConfigurationPlatforms) = preSolution
		Debug|Any CPU = Debug|Any CPU
		Release|Any CPU = Release|Any CPU
	EndGlobalSection
	GlobalSection(ProjectConfigurationPlatforms) = postSolution
		{35DD787C-ACF4-4D39-89FD-FD12B0185C63}.Debug|Any CPU.ActiveCfg = Debug|Any CPU
		{35DD787C-ACF4-4D39-89FD-FD12B0185C63}.Debug|Any CPU.Build.0 = Debug|Any CPU
		{35DD787C-ACF4-4D39-89FD-FD12B0185C63}.Release|Any CPU.ActiveCfg = Release|Any CPU
		{35DD787C-ACF4-4D39-89FD-FD12B0185C63}.Release|Any CPU.Build.0 = Release|Any CPU
	EndGlobalSection
	GlobalSection(SolutionProperties) = preSolution
		HideSolutionNode = FALSE
	EndGlobalSection
	GlobalSection(ExtensibilityGlobals) = postSolution
		SolutionGuid = {6140B86F-124C-4A19-A651-A1ED21B8E53C}
	EndGlobalSection
EndGlobal
